
Microsoft Visual Studio Solution File, Format Version 12.00
# Visual Studio 14
VisualStudioVersion = 14.0.25420.1
MinimumVisualStudioVersion = 10.0.40219.1
Project("{FAE04EC0-301F-11D3-BF4B-00C04F79EFBC}") = "Demos", "Demos\Demos.csproj", "{460BEBD8-B0F2-43F3-9C3A-842E0ABB6003}"
EndProject
Project("{FAE04EC0-301F-11D3-BF4B-00C04F79EFBC}") = "Calculadora", "Calculadora\Calculadora.csproj", "{BFAA4CBB-FDCA-4B66-89C4-DF234577AB4B}"
EndProject
Project("{FAE04EC0-301F-11D3-BF4B-00C04F79EFBC}") = "Editor", "Editor\Editor.csproj", "{2B077E1F-A045-4BEE-AD3F-AD5F5CBAADBB}"
EndProject
Project("{FAE04EC0-301F-11D3-BF4B-00C04F79EFBC}") = "GUINavegacion", "GUINavegacion\GUINavegacion.csproj", "{0E68B380-B311-4384-ADE0-0754F0D802AC}"
EndProject
Project("{FAE04EC0-301F-11D3-BF4B-00C04F79EFBC}") = "CalculadoraVM", "CalculadoraVM\CalculadoraVM.csproj", "{F1F12DFA-BB43-4E7E-BB1B-3C363C4A64E2}"
EndProject
Project("{FAE04EC0-301F-11D3-BF4B-00C04F79EFBC}") = "CalculadoraVM.Test", "CalculadoraVM.Test\CalculadoraVM.Test.csproj", "{7F3E91A9-1FF0-4B46-831F-E222C795BD72}"
EndProject
Project("{FAE04EC0-301F-11D3-BF4B-00C04F79EFBC}") = "Datos", "Datos\Datos.csproj", "{A08A34E1-64B2-4DB7-8C95-6D7C7DF5D16C}"
EndProject
Project("{FAE04EC0-301F-11D3-BF4B-00C04F79EFBC}") = "MVVM", "MVVM\MVVM.csproj", "{2836C11D-4382-47EF-B315-1A77F91765BB}"
EndProject
Project("{2150E333-8FDC-42A3-9474-1A3956D46DE8}") = "Actividad2", "Actividad2", "{7D9429C6-A1AE-4F6F-A400-157121161F66}"
EndProject
Project("{2150E333-8FDC-42A3-9474-1A3956D46DE8}") = "1 Presentation", "1 Presentation", "{D2E22A5E-6CD4-4A61-938A-217D23159FE2}"
EndProject
Project("{2150E333-8FDC-42A3-9474-1A3956D46DE8}") = "WPF", "WPF", "{FC3392D2-B596-4964-BD6C-669C5770E16A}"
EndProject
Project("{FAE04EC0-301F-11D3-BF4B-00C04F79EFBC}") = "Gestion", "Gestion\Gestion.csproj", "{868FB36A-6473-4FC3-95A0-1D760895853C}"
EndProject
Project("{2150E333-8FDC-42A3-9474-1A3956D46DE8}") = "2 Application", "2 Application", "{E9F8C21B-5E67-4142-929F-C0BC1E5A812F}"
EndProject
Project("{2150E333-8FDC-42A3-9474-1A3956D46DE8}") = "4 Domain", "4 Domain", "{4F73A5C1-B3E2-4764-86EA-7DA1D5F19D6C}"
EndProject
Project("{2150E333-8FDC-42A3-9474-1A3956D46DE8}") = "3 Distributed Services", "3 Distributed Services", "{4493609D-75F8-4FD4-ABAC-43AAA1222098}"
EndProject
Project("{2150E333-8FDC-42A3-9474-1A3956D46DE8}") = "5 Infrastructure", "5 Infrastructure", "{0AFC24EE-8DEB-4764-AE59-4D70D4B8AA26}"
EndProject
Project("{2150E333-8FDC-42A3-9474-1A3956D46DE8}") = "5.1 Data", "5.1 Data", "{BA7CCB26-0D18-4D5F-A393-18AD45A5CDAC}"
EndProject
Project("{2150E333-8FDC-42A3-9474-1A3956D46DE8}") = "5.2 Cross Cutting", "5.2 Cross Cutting", "{C97ABE12-2A2C-467A-BC1A-C54E749EA114}"
EndProject
Project("{FAE04EC0-301F-11D3-BF4B-00C04F79EFBC}") = "Aplication.Services", "Aplication.Services\Aplication.Services.csproj", "{15B67023-9D7B-44EA-95E8-5C8ED43AF70E}"
EndProject
Project("{FAE04EC0-301F-11D3-BF4B-00C04F79EFBC}") = "Aplication.Core", "Aplication.Core\Aplication.Core.csproj", "{6E1973CA-48EF-4E46-9C99-408B740645B8}"
EndProject
Project("{FAE04EC0-301F-11D3-BF4B-00C04F79EFBC}") = "Domain.Core", "Domain.Core\Domain.Core.csproj", "{49444659-EFB9-4875-B050-E3B4F59D6F17}"
EndProject
Project("{FAE04EC0-301F-11D3-BF4B-00C04F79EFBC}") = "Domain.MainModule", "Domain.MainModule\Domain.MainModule.csproj", "{36640BA8-D560-4D6F-9B53-FCC2F83E8ADA}"
EndProject
Project("{FAE04EC0-301F-11D3-BF4B-00C04F79EFBC}") = "Domain.MainModule.Entities", "Domain.MainModule.Entities\Domain.MainModule.Entities.csproj", "{C14B9F19-140D-4B4C-B75C-24DBBD197398}"
EndProject
Project("{FAE04EC0-301F-11D3-BF4B-00C04F79EFBC}") = "Infrastructure.Data.Core", "Infrastructure.Data.Core\Infrastructure.Data.Core.csproj", "{E71BBA4E-A21A-4FCB-A3CB-E78DB38347DD}"
EndProject
Project("{FAE04EC0-301F-11D3-BF4B-00C04F79EFBC}") = "Infrastructure.Data.MainModule", "Infrastructure.Data.MainModule\Infrastructure.Data.MainModule.csproj", "{B70CA962-EF28-409A-BE75-73890197D67E}"
EndProject
Project("{FAE04EC0-301F-11D3-BF4B-00C04F79EFBC}") = "Infrastructure.Data.Contracts", "Infrastructure.Data.Contracts\Infrastructure.Data.Contracts.csproj", "{28272E12-ED51-4605-9DB6-5D5BD6DB7DD3}"
EndProject
Project("{FAE04EC0-301F-11D3-BF4B-00C04F79EFBC}") = "Infrastructure.Data.Core.Contracts", "Infrastructure.Data.Core.Contracts\Infrastructure.Data.Core.Contracts.csproj", "{EA0AF323-A23D-4908-9A78-A030F6DB30E0}"
EndProject
Project("{FAE04EC0-301F-11D3-BF4B-00C04F79EFBC}") = "Infrastructure.CrossCutting.Contracts", "Infrastructure.CrossCutting.Contracts\Infrastructure.CrossCutting.Contracts.csproj", "{728D154F-C9B2-4F8F-9769-DEF63FD777CC}"
EndProject
Project("{FAE04EC0-301F-11D3-BF4B-00C04F79EFBC}") = "Infrastructure.CrossCutting.Core", "Infrastructure.CrossCutting.Core\Infrastructure.CrossCutting.Core.csproj", "{57FF8847-9482-44A9-A99A-D78BE1B975E7}"
EndProject
Project("{FAE04EC0-301F-11D3-BF4B-00C04F79EFBC}") = "Infrastructure.CrossCutting", "Infrastructure.CrossCutting\Infrastructure.CrossCutting.csproj", "{FCC9BF6F-ACD6-4C8A-B8AF-3950DD6E957C}"
EndProject
Global
	GlobalSection(SolutionConfigurationPlatforms) = preSolution
		Debug|Any CPU = Debug|Any CPU
		Release|Any CPU = Release|Any CPU
	EndGlobalSection
	GlobalSection(ProjectConfigurationPlatforms) = postSolution
		{460BEBD8-B0F2-43F3-9C3A-842E0ABB6003}.Debug|Any CPU.ActiveCfg = Debug|Any CPU
		{460BEBD8-B0F2-43F3-9C3A-842E0ABB6003}.Debug|Any CPU.Build.0 = Debug|Any CPU
		{460BEBD8-B0F2-43F3-9C3A-842E0ABB6003}.Release|Any CPU.ActiveCfg = Release|Any CPU
		{460BEBD8-B0F2-43F3-9C3A-842E0ABB6003}.Release|Any CPU.Build.0 = Release|Any CPU
		{BFAA4CBB-FDCA-4B66-89C4-DF234577AB4B}.Debug|Any CPU.ActiveCfg = Debug|Any CPU
		{BFAA4CBB-FDCA-4B66-89C4-DF234577AB4B}.Debug|Any CPU.Build.0 = Debug|Any CPU
		{BFAA4CBB-FDCA-4B66-89C4-DF234577AB4B}.Release|Any CPU.ActiveCfg = Release|Any CPU
		{BFAA4CBB-FDCA-4B66-89C4-DF234577AB4B}.Release|Any CPU.Build.0 = Release|Any CPU
		{2B077E1F-A045-4BEE-AD3F-AD5F5CBAADBB}.Debug|Any CPU.ActiveCfg = Debug|Any CPU
		{2B077E1F-A045-4BEE-AD3F-AD5F5CBAADBB}.Debug|Any CPU.Build.0 = Debug|Any CPU
		{2B077E1F-A045-4BEE-AD3F-AD5F5CBAADBB}.Release|Any CPU.ActiveCfg = Release|Any CPU
		{2B077E1F-A045-4BEE-AD3F-AD5F5CBAADBB}.Release|Any CPU.Build.0 = Release|Any CPU
		{0E68B380-B311-4384-ADE0-0754F0D802AC}.Debug|Any CPU.ActiveCfg = Debug|Any CPU
		{0E68B380-B311-4384-ADE0-0754F0D802AC}.Debug|Any CPU.Build.0 = Debug|Any CPU
		{0E68B380-B311-4384-ADE0-0754F0D802AC}.Release|Any CPU.ActiveCfg = Release|Any CPU
		{0E68B380-B311-4384-ADE0-0754F0D802AC}.Release|Any CPU.Build.0 = Release|Any CPU
		{F1F12DFA-BB43-4E7E-BB1B-3C363C4A64E2}.Debug|Any CPU.ActiveCfg = Debug|Any CPU
		{F1F12DFA-BB43-4E7E-BB1B-3C363C4A64E2}.Debug|Any CPU.Build.0 = Debug|Any CPU
		{F1F12DFA-BB43-4E7E-BB1B-3C363C4A64E2}.Release|Any CPU.ActiveCfg = Release|Any CPU
		{F1F12DFA-BB43-4E7E-BB1B-3C363C4A64E2}.Release|Any CPU.Build.0 = Release|Any CPU
		{7F3E91A9-1FF0-4B46-831F-E222C795BD72}.Debug|Any CPU.ActiveCfg = Debug|Any CPU
		{7F3E91A9-1FF0-4B46-831F-E222C795BD72}.Debug|Any CPU.Build.0 = Debug|Any CPU
		{7F3E91A9-1FF0-4B46-831F-E222C795BD72}.Release|Any CPU.ActiveCfg = Release|Any CPU
		{7F3E91A9-1FF0-4B46-831F-E222C795BD72}.Release|Any CPU.Build.0 = Release|Any CPU
		{A08A34E1-64B2-4DB7-8C95-6D7C7DF5D16C}.Debug|Any CPU.ActiveCfg = Debug|Any CPU
		{A08A34E1-64B2-4DB7-8C95-6D7C7DF5D16C}.Debug|Any CPU.Build.0 = Debug|Any CPU
		{A08A34E1-64B2-4DB7-8C95-6D7C7DF5D16C}.Release|Any CPU.ActiveCfg = Release|Any CPU
		{A08A34E1-64B2-4DB7-8C95-6D7C7DF5D16C}.Release|Any CPU.Build.0 = Release|Any CPU
		{2836C11D-4382-47EF-B315-1A77F91765BB}.Debug|Any CPU.ActiveCfg = Debug|Any CPU
		{2836C11D-4382-47EF-B315-1A77F91765BB}.Debug|Any CPU.Build.0 = Debug|Any CPU
		{2836C11D-4382-47EF-B315-1A77F91765BB}.Release|Any CPU.ActiveCfg = Release|Any CPU
		{2836C11D-4382-47EF-B315-1A77F91765BB}.Release|Any CPU.Build.0 = Release|Any CPU
		{868FB36A-6473-4FC3-95A0-1D760895853C}.Debug|Any CPU.ActiveCfg = Debug|Any CPU
		{868FB36A-6473-4FC3-95A0-1D760895853C}.Debug|Any CPU.Build.0 = Debug|Any CPU
		{868FB36A-6473-4FC3-95A0-1D760895853C}.Release|Any CPU.ActiveCfg = Release|Any CPU
		{868FB36A-6473-4FC3-95A0-1D760895853C}.Release|Any CPU.Build.0 = Release|Any CPU
		{15B67023-9D7B-44EA-95E8-5C8ED43AF70E}.Debug|Any CPU.ActiveCfg = Debug|Any CPU
		{15B67023-9D7B-44EA-95E8-5C8ED43AF70E}.Debug|Any CPU.Build.0 = Debug|Any CPU
		{15B67023-9D7B-44EA-95E8-5C8ED43AF70E}.Release|Any CPU.ActiveCfg = Release|Any CPU
		{15B67023-9D7B-44EA-95E8-5C8ED43AF70E}.Release|Any CPU.Build.0 = Release|Any CPU
		{6E1973CA-48EF-4E46-9C99-408B740645B8}.Debug|Any CPU.ActiveCfg = Debug|Any CPU
		{6E1973CA-48EF-4E46-9C99-408B740645B8}.Debug|Any CPU.Build.0 = Debug|Any CPU
		{6E1973CA-48EF-4E46-9C99-408B740645B8}.Release|Any CPU.ActiveCfg = Release|Any CPU
		{6E1973CA-48EF-4E46-9C99-408B740645B8}.Release|Any CPU.Build.0 = Release|Any CPU
		{49444659-EFB9-4875-B050-E3B4F59D6F17}.Debug|Any CPU.ActiveCfg = Debug|Any CPU
		{49444659-EFB9-4875-B050-E3B4F59D6F17}.Debug|Any CPU.Build.0 = Debug|Any CPU
		{49444659-EFB9-4875-B050-E3B4F59D6F17}.Release|Any CPU.ActiveCfg = Release|Any CPU
		{49444659-EFB9-4875-B050-E3B4F59D6F17}.Release|Any CPU.Build.0 = Release|Any CPU
		{36640BA8-D560-4D6F-9B53-FCC2F83E8ADA}.Debug|Any CPU.ActiveCfg = Debug|Any CPU
		{36640BA8-D560-4D6F-9B53-FCC2F83E8ADA}.Debug|Any CPU.Build.0 = Debug|Any CPU
		{36640BA8-D560-4D6F-9B53-FCC2F83E8ADA}.Release|Any CPU.ActiveCfg = Release|Any CPU
		{36640BA8-D560-4D6F-9B53-FCC2F83E8ADA}.Release|Any CPU.Build.0 = Release|Any CPU
		{C14B9F19-140D-4B4C-B75C-24DBBD197398}.Debug|Any CPU.ActiveCfg = Debug|Any CPU
		{C14B9F19-140D-4B4C-B75C-24DBBD197398}.Debug|Any CPU.Build.0 = Debug|Any CPU
		{C14B9F19-140D-4B4C-B75C-24DBBD197398}.Release|Any CPU.ActiveCfg = Release|Any CPU
		{C14B9F19-140D-4B4C-B75C-24DBBD197398}.Release|Any CPU.Build.0 = Release|Any CPU
		{E71BBA4E-A21A-4FCB-A3CB-E78DB38347DD}.Debug|Any CPU.ActiveCfg = Debug|Any CPU
		{E71BBA4E-A21A-4FCB-A3CB-E78DB38347DD}.Debug|Any CPU.Build.0 = Debug|Any CPU
		{E71BBA4E-A21A-4FCB-A3CB-E78DB38347DD}.Release|Any CPU.ActiveCfg = Release|Any CPU
		{E71BBA4E-A21A-4FCB-A3CB-E78DB38347DD}.Release|Any CPU.Build.0 = Release|Any CPU
		{B70CA962-EF28-409A-BE75-73890197D67E}.Debug|Any CPU.ActiveCfg = Debug|Any CPU
		{B70CA962-EF28-409A-BE75-73890197D67E}.Debug|Any CPU.Build.0 = Debug|Any CPU
		{B70CA962-EF28-409A-BE75-73890197D67E}.Release|Any CPU.ActiveCfg = Release|Any CPU
		{B70CA962-EF28-409A-BE75-73890197D67E}.Release|Any CPU.Build.0 = Release|Any CPU
		{28272E12-ED51-4605-9DB6-5D5BD6DB7DD3}.Debug|Any CPU.ActiveCfg = Debug|Any CPU
		{28272E12-ED51-4605-9DB6-5D5BD6DB7DD3}.Debug|Any CPU.Build.0 = Debug|Any CPU
		{28272E12-ED51-4605-9DB6-5D5BD6DB7DD3}.Release|Any CPU.ActiveCfg = Release|Any CPU
		{28272E12-ED51-4605-9DB6-5D5BD6DB7DD3}.Release|Any CPU.Build.0 = Release|Any CPU
		{EA0AF323-A23D-4908-9A78-A030F6DB30E0}.Debug|Any CPU.ActiveCfg = Debug|Any CPU
		{EA0AF323-A23D-4908-9A78-A030F6DB30E0}.Debug|Any CPU.Build.0 = Debug|Any CPU
		{EA0AF323-A23D-4908-9A78-A030F6DB30E0}.Release|Any CPU.ActiveCfg = Release|Any CPU
		{EA0AF323-A23D-4908-9A78-A030F6DB30E0}.Release|Any CPU.Build.0 = Release|Any CPU
		{728D154F-C9B2-4F8F-9769-DEF63FD777CC}.Debug|Any CPU.ActiveCfg = Debug|Any CPU
		{728D154F-C9B2-4F8F-9769-DEF63FD777CC}.Debug|Any CPU.Build.0 = Debug|Any CPU
		{728D154F-C9B2-4F8F-9769-DEF63FD777CC}.Release|Any CPU.ActiveCfg = Release|Any CPU
		{728D154F-C9B2-4F8F-9769-DEF63FD777CC}.Release|Any CPU.Build.0 = Release|Any CPU
		{57FF8847-9482-44A9-A99A-D78BE1B975E7}.Debug|Any CPU.ActiveCfg = Debug|Any CPU
		{57FF8847-9482-44A9-A99A-D78BE1B975E7}.Debug|Any CPU.Build.0 = Debug|Any CPU
		{57FF8847-9482-44A9-A99A-D78BE1B975E7}.Release|Any CPU.ActiveCfg = Release|Any CPU
		{57FF8847-9482-44A9-A99A-D78BE1B975E7}.Release|Any CPU.Build.0 = Release|Any CPU
		{FCC9BF6F-ACD6-4C8A-B8AF-3950DD6E957C}.Debug|Any CPU.ActiveCfg = Debug|Any CPU
		{FCC9BF6F-ACD6-4C8A-B8AF-3950DD6E957C}.Debug|Any CPU.Build.0 = Debug|Any CPU
		{FCC9BF6F-ACD6-4C8A-B8AF-3950DD6E957C}.Release|Any CPU.ActiveCfg = Release|Any CPU
		{FCC9BF6F-ACD6-4C8A-B8AF-3950DD6E957C}.Release|Any CPU.Build.0 = Release|Any CPU
	EndGlobalSection
	GlobalSection(SolutionProperties) = preSolution
		HideSolutionNode = FALSE
	EndGlobalSection
	GlobalSection(NestedProjects) = preSolution
		{D2E22A5E-6CD4-4A61-938A-217D23159FE2} = {7D9429C6-A1AE-4F6F-A400-157121161F66}
		{FC3392D2-B596-4964-BD6C-669C5770E16A} = {D2E22A5E-6CD4-4A61-938A-217D23159FE2}
		{868FB36A-6473-4FC3-95A0-1D760895853C} = {FC3392D2-B596-4964-BD6C-669C5770E16A}
		{E9F8C21B-5E67-4142-929F-C0BC1E5A812F} = {7D9429C6-A1AE-4F6F-A400-157121161F66}
		{4F73A5C1-B3E2-4764-86EA-7DA1D5F19D6C} = {7D9429C6-A1AE-4F6F-A400-157121161F66}
		{4493609D-75F8-4FD4-ABAC-43AAA1222098} = {7D9429C6-A1AE-4F6F-A400-157121161F66}
		{0AFC24EE-8DEB-4764-AE59-4D70D4B8AA26} = {7D9429C6-A1AE-4F6F-A400-157121161F66}
		{BA7CCB26-0D18-4D5F-A393-18AD45A5CDAC} = {0AFC24EE-8DEB-4764-AE59-4D70D4B8AA26}
		{C97ABE12-2A2C-467A-BC1A-C54E749EA114} = {0AFC24EE-8DEB-4764-AE59-4D70D4B8AA26}
		{15B67023-9D7B-44EA-95E8-5C8ED43AF70E} = {E9F8C21B-5E67-4142-929F-C0BC1E5A812F}
		{6E1973CA-48EF-4E46-9C99-408B740645B8} = {E9F8C21B-5E67-4142-929F-C0BC1E5A812F}
		{49444659-EFB9-4875-B050-E3B4F59D6F17} = {4F73A5C1-B3E2-4764-86EA-7DA1D5F19D6C}
		{36640BA8-D560-4D6F-9B53-FCC2F83E8ADA} = {4F73A5C1-B3E2-4764-86EA-7DA1D5F19D6C}
		{C14B9F19-140D-4B4C-B75C-24DBBD197398} = {4F73A5C1-B3E2-4764-86EA-7DA1D5F19D6C}
		{E71BBA4E-A21A-4FCB-A3CB-E78DB38347DD} = {BA7CCB26-0D18-4D5F-A393-18AD45A5CDAC}
		{B70CA962-EF28-409A-BE75-73890197D67E} = {BA7CCB26-0D18-4D5F-A393-18AD45A5CDAC}
		{28272E12-ED51-4605-9DB6-5D5BD6DB7DD3} = {BA7CCB26-0D18-4D5F-A393-18AD45A5CDAC}
		{EA0AF323-A23D-4908-9A78-A030F6DB30E0} = {BA7CCB26-0D18-4D5F-A393-18AD45A5CDAC}
		{728D154F-C9B2-4F8F-9769-DEF63FD777CC} = {C97ABE12-2A2C-467A-BC1A-C54E749EA114}
		{57FF8847-9482-44A9-A99A-D78BE1B975E7} = {C97ABE12-2A2C-467A-BC1A-C54E749EA114}
		{FCC9BF6F-ACD6-4C8A-B8AF-3950DD6E957C} = {C97ABE12-2A2C-467A-BC1A-C54E749EA114}
	EndGlobalSection
EndGlobal
